
Microsoft Visual Studio Solution File, Format Version 12.00
# Visual Studio Version 17
VisualStudioVersion = 17.7.34031.279
MinimumVisualStudioVersion = 10.0.40219.1
Project("{8BC9CEB8-8B4A-11D0-8D11-00A0C91BC942}") = "Zawiski_Znaniewski_projekt", "Zawiski_Znaniewski_projekt\Zawiski_Znaniewski_projekt.vcxproj", "{C33AC34D-763C-454F-A552-39E0445B219B}"
EndProject
Global
	GlobalSection(SolutionConfigurationPlatforms) = preSolution
		Debug|x64 = Debug|x64
		Debug|x86 = Debug|x86
		Release|x64 = Release|x64
		Release|x86 = Release|x86
	EndGlobalSection
	GlobalSection(ProjectConfigurationPlatforms) = postSolution
		{C33AC34D-763C-454F-A552-39E0445B219B}.Debug|x64.ActiveCfg = Debug|x64
		{C33AC34D-763C-454F-A552-39E0445B219B}.Debug|x64.Build.0 = Debug|x64
		{C33AC34D-763C-454F-A552-39E0445B219B}.Debug|x86.ActiveCfg = Debug|Win32
		{C33AC34D-763C-454F-A552-39E0445B219B}.Debug|x86.Build.0 = Debug|Win32
		{C33AC34D-763C-454F-A552-39E0445B219B}.Release|x64.ActiveCfg = Release|x64
		{C33AC34D-763C-454F-A552-39E0445B219B}.Release|x64.Build.0 = Release|x64
		{C33AC34D-763C-454F-A552-39E0445B219B}.Release|x86.ActiveCfg = Release|Win32
		{C33AC34D-763C-454F-A552-39E0445B219B}.Release|x86.Build.0 = Release|Win32
	EndGlobalSection
	GlobalSection(SolutionProperties) = preSolution
		HideSolutionNode = FALSE
	EndGlobalSection
	GlobalSection(ExtensibilityGlobals) = postSolution
		SolutionGuid = {24EE85BE-DB88-473E-85B1-410A1201E898}
	EndGlobalSection
EndGlobal
